
Microsoft Visual Studio Solution File, Format Version 12.00
# Visual Studio 15
VisualStudioVersion = 15.0.27703.2047
MinimumVisualStudioVersion = 10.0.40219.1
Project("{9A19103F-16F7-4668-BE54-9A1E7A4F7556}") = "API", "Endeavour\API.csproj", "{0B9D5D15-E22E-40F3-949C-806A86E8D703}"
EndProject
Project("{FAE04EC0-301F-11D3-BF4B-00C04F79EFBC}") = "ApiModels", "ResponseModels\ApiModels.csproj", "{00086CA8-8DBA-43BF-836B-B1D9241098E8}"
EndProject
Project("{FAE04EC0-301F-11D3-BF4B-00C04F79EFBC}") = "GameLogic", "GameLogic\GameLogic.csproj", "{B1E3D666-0AEB-413D-9F6A-08C73D3F7855}"
EndProject
Project("{FAE04EC0-301F-11D3-BF4B-00C04F79EFBC}") = "GameLogicInterfaces", "GameLogicInterfaces\GameLogicInterfaces.csproj", "{56701E6A-0426-4864-8907-BC3165B096A5}"
EndProject
Project("{2150E333-8FDC-42A3-9474-1A3956D46DE8}") = "Services", "Services", "{411ABBA0-DCDE-45AA-B0FE-8C06670C24ED}"
EndProject
Global
	GlobalSection(SolutionConfigurationPlatforms) = preSolution
		Debug|Any CPU = Debug|Any CPU
		Release|Any CPU = Release|Any CPU
	EndGlobalSection
	GlobalSection(ProjectConfigurationPlatforms) = postSolution
		{0B9D5D15-E22E-40F3-949C-806A86E8D703}.Debug|Any CPU.ActiveCfg = Debug|Any CPU
		{0B9D5D15-E22E-40F3-949C-806A86E8D703}.Debug|Any CPU.Build.0 = Debug|Any CPU
		{0B9D5D15-E22E-40F3-949C-806A86E8D703}.Release|Any CPU.ActiveCfg = Release|Any CPU
		{0B9D5D15-E22E-40F3-949C-806A86E8D703}.Release|Any CPU.Build.0 = Release|Any CPU
		{00086CA8-8DBA-43BF-836B-B1D9241098E8}.Debug|Any CPU.ActiveCfg = Debug|Any CPU
		{00086CA8-8DBA-43BF-836B-B1D9241098E8}.Debug|Any CPU.Build.0 = Debug|Any CPU
		{00086CA8-8DBA-43BF-836B-B1D9241098E8}.Release|Any CPU.ActiveCfg = Release|Any CPU
		{00086CA8-8DBA-43BF-836B-B1D9241098E8}.Release|Any CPU.Build.0 = Release|Any CPU
		{B1E3D666-0AEB-413D-9F6A-08C73D3F7855}.Debug|Any CPU.ActiveCfg = Debug|Any CPU
		{B1E3D666-0AEB-413D-9F6A-08C73D3F7855}.Debug|Any CPU.Build.0 = Debug|Any CPU
		{B1E3D666-0AEB-413D-9F6A-08C73D3F7855}.Release|Any CPU.ActiveCfg = Release|Any CPU
		{B1E3D666-0AEB-413D-9F6A-08C73D3F7855}.Release|Any CPU.Build.0 = Release|Any CPU
		{56701E6A-0426-4864-8907-BC3165B096A5}.Debug|Any CPU.ActiveCfg = Debug|Any CPU
		{56701E6A-0426-4864-8907-BC3165B096A5}.Debug|Any CPU.Build.0 = Debug|Any CPU
		{56701E6A-0426-4864-8907-BC3165B096A5}.Release|Any CPU.ActiveCfg = Release|Any CPU
		{56701E6A-0426-4864-8907-BC3165B096A5}.Release|Any CPU.Build.0 = Release|Any CPU
	EndGlobalSection
	GlobalSection(SolutionProperties) = preSolution
		HideSolutionNode = FALSE
	EndGlobalSection
	GlobalSection(NestedProjects) = preSolution
		{B1E3D666-0AEB-413D-9F6A-08C73D3F7855} = {411ABBA0-DCDE-45AA-B0FE-8C06670C24ED}
	EndGlobalSection
	GlobalSection(ExtensibilityGlobals) = postSolution
		SolutionGuid = {98D4230D-35FC-44A3-BEC9-8F03E3CB24DC}
	EndGlobalSection
EndGlobal
